
Microsoft Visual Studio Solution File, Format Version 12.00
# Visual Studio 15
VisualStudioVersion = 15.0.26730.3
MinimumVisualStudioVersion = 10.0.40219.1
Project("{FAE04EC0-301F-11D3-BF4B-00C04F79EFBC}") = "libEditor", "libEditor.csproj", "{E86749F7-8BCE-4EF0-9888-1E1D3E7FD929}"
EndProject
Global
	GlobalSection(SolutionConfigurationPlatforms) = preSolution
		Debug|Any CPU = Debug|Any CPU
		Release|Any CPU = Release|Any CPU
	EndGlobalSection
	GlobalSection(ProjectConfigurationPlatforms) = postSolution
		{E86749F7-8BCE-4EF0-9888-1E1D3E7FD929}.Debug|Any CPU.ActiveCfg = Debug|Any CPU
		{E86749F7-8BCE-4EF0-9888-1E1D3E7FD929}.Debug|Any CPU.Build.0 = Debug|Any CPU
		{E86749F7-8BCE-4EF0-9888-1E1D3E7FD929}.Release|Any CPU.ActiveCfg = Release|Any CPU
		{E86749F7-8BCE-4EF0-9888-1E1D3E7FD929}.Release|Any CPU.Build.0 = Release|Any CPU
	EndGlobalSection
	GlobalSection(SolutionProperties) = preSolution
		HideSolutionNode = FALSE
	EndGlobalSection
	GlobalSection(ExtensibilityGlobals) = postSolution
		SolutionGuid = {30F68206-0FF5-4504-A4A0-2FFE865234A0}
	EndGlobalSection
EndGlobal
